// !$*UTF8*$!
{
	archiveVersion = 1;
	classes = {
	};
	objectVersion = 46;
	objects = {

/* Begin PBXBuildFile section */
		461360D91BA8E57A0099614F /* FirstViewController.m in Sources */ = {isa = PBXBuildFile; fileRef = 461360D81BA8E57A0099614F /* FirstViewController.m */; };
		461360DC1BA8E5F20099614F /* LastViewController.m in Sources */ = {isa = PBXBuildFile; fileRef = 461360DB1BA8E5F20099614F /* LastViewController.m */; };
		46E623661BA80F63000025CC /* main.m in Sources */ = {isa = PBXBuildFile; fileRef = 46E623651BA80F63000025CC /* main.m */; };
		46E623691BA80F63000025CC /* AppDelegate.m in Sources */ = {isa = PBXBuildFile; fileRef = 46E623681BA80F63000025CC /* AppDelegate.m */; };
		46E6236F1BA80F63000025CC /* Main.storyboard in Resources */ = {isa = PBXBuildFile; fileRef = 46E6236D1BA80F63000025CC /* Main.storyboard */; };
		46E623711BA80F63000025CC /* Images.xcassets in Resources */ = {isa = PBXBuildFile; fileRef = 46E623701BA80F63000025CC /* Images.xcassets */; };
		46E623741BA80F63000025CC /* LaunchScreen.xib in Resources */ = {isa = PBXBuildFile; fileRef = 46E623721BA80F63000025CC /* LaunchScreen.xib */; };
/* End PBXBuildFile section */

/* Begin PBXFileReference section */
		461360D71BA8E57A0099614F /* FirstViewController.h */ = {isa = PBXFileReference; fileEncoding = 4; lastKnownFileType = sourcecode.c.h; path = FirstViewController.h; sourceTree = "<group>"; };
		461360D81BA8E57A0099614F /* FirstViewController.m */ = {isa = PBXFileReference; fileEncoding = 4; lastKnownFileType = sourcecode.c.objc; path = FirstViewController.m; sourceTree = "<group>"; };
		461360DA1BA8E5F20099614F /* LastViewController.h */ = {isa = PBXFileReference; fileEncoding = 4; lastKnownFileType = sourcecode.c.h; path = LastViewController.h; sourceTree = "<group>"; };
		461360DB1BA8E5F20099614F /* LastViewController.m */ = {isa = PBXFileReference; fileEncoding = 4; lastKnownFileType = sourcecode.c.objc; path = LastViewController.m; sourceTree = "<group>"; };
		46E623601BA80F63000025CC /* RadarKeypad.app */ = {isa = PBXFileReference; explicitFileType = wrapper.application; includeInIndex = 0; path = RadarKeypad.app; sourceTree = BUILT_PRODUCTS_DIR; };
		46E623641BA80F63000025CC /* Info.plist */ = {isa = PBXFileReference; lastKnownFileType = text.plist.xml; path = Info.plist; sourceTree = "<group>"; };
		46E623651BA80F63000025CC /* main.m */ = {isa = PBXFileReference; lastKnownFileType = sourcecode.c.objc; path = main.m; sourceTree = "<group>"; };
		46E623671BA80F63000025CC /* AppDelegate.h */ = {isa = PBXFileReference; lastKnownFileType = sourcecode.c.h; path = AppDelegate.h; sourceTree = "<group>"; };
		46E623681BA80F63000025CC /* AppDelegate.m */ = {isa = PBXFileReference; lastKnownFileType = sourcecode.c.objc; path = AppDelegate.m; sourceTree = "<group>"; };
		46E6236E1BA80F63000025CC /* Base */ = {isa = PBXFileReference; lastKnownFileType = file.storyboard; name = Base; path = Base.lproj/Main.storyboard; sourceTree = "<group>"; };
		46E623701BA80F63000025CC /* Images.xcassets */ = {isa = PBXFileReference; lastKnownFileType = folder.assetcatalog; path = Images.xcassets; sourceTree = "<group>"; };
		46E623731BA80F63000025CC /* Base */ = {isa = PBXFileReference; lastKnownFileType = file.xib; name = Base; path = Base.lproj/LaunchScreen.xib; sourceTree = "<group>"; };
/* End PBXFileReference section */

/* Begin PBXFrameworksBuildPhase section */
		46E6235D1BA80F63000025CC /* Frameworks */ = {
			isa = PBXFrameworksBuildPhase;
			buildActionMask = 2147483647;
			files = (
			);
			runOnlyForDeploymentPostprocessing = 0;
		};
/* End PBXFrameworksBuildPhase section */

/* Begin PBXGroup section */
		46E623571BA80F63000025CC = {
			isa = PBXGroup;
			children = (
				46E623621BA80F63000025CC /* RadarKeypad */,
				46E623611BA80F63000025CC /* Products */,
			);
			sourceTree = "<group>";
		};
		46E623611BA80F63000025CC /* Products */ = {
			isa = PBXGroup;
			children = (
				46E623601BA80F63000025CC /* RadarKeypad.app */,
			);
			name = Products;
			sourceTree = "<group>";
		};
		46E623621BA80F63000025CC /* RadarKeypad */ = {
			isa = PBXGroup;
			children = (
				46E623671BA80F63000025CC /* AppDelegate.h */,
				46E623681BA80F63000025CC /* AppDelegate.m */,
				46E6236D1BA80F63000025CC /* Main.storyboard */,
				46E623701BA80F63000025CC /* Images.xcassets */,
				46E623721BA80F63000025CC /* LaunchScreen.xib */,
				46E623631BA80F63000025CC /* Supporting Files */,
				461360D71BA8E57A0099614F /* FirstViewController.h */,
				461360D81BA8E57A0099614F /* FirstViewController.m */,
				461360DA1BA8E5F20099614F /* LastViewController.h */,
				461360DB1BA8E5F20099614F /* LastViewController.m */,
			);
			path = RadarKeypad;
			sourceTree = "<group>";
		};
		46E623631BA80F63000025CC /* Supporting Files */ = {
			isa = PBXGroup;
			children = (
				46E623641BA80F63000025CC /* Info.plist */,
				46E623651BA80F63000025CC /* main.m */,
			);
			name = "Supporting Files";
			sourceTree = "<group>";
		};
/* End PBXGroup section */

/* Begin PBXNativeTarget section */
		46E6235F1BA80F63000025CC /* RadarKeypad */ = {
			isa = PBXNativeTarget;
			buildConfigurationList = 46E623831BA80F64000025CC /* Build configuration list for PBXNativeTarget "RadarKeypad" */;
			buildPhases = (
				46E6235C1BA80F63000025CC /* Sources */,
				46E6235D1BA80F63000025CC /* Frameworks */,
				46E6235E1BA80F63000025CC /* Resources */,
			);
			buildRules = (
			);
			dependencies = (
			);
			name = RadarKeypad;
			productName = RadarKeypad;
			productReference = 46E623601BA80F63000025CC /* RadarKeypad.app */;
			productType = "com.apple.product-type.application";
		};
/* End PBXNativeTarget section */

/* Begin PBXProject section */
		46E623581BA80F63000025CC /* Project object */ = {
			isa = PBXProject;
			attributes = {
				LastUpgradeCheck = 0640;
				ORGANIZATIONNAME = "Ashton-W";
				TargetAttributes = {
					46E6235F1BA80F63000025CC = {
						CreatedOnToolsVersion = 6.4;
					};
				};
			};
			buildConfigurationList = 46E6235B1BA80F63000025CC /* Build configuration list for PBXProject "RadarKeypad" */;
			compatibilityVersion = "Xcode 3.2";
			developmentRegion = English;
			hasScannedForEncodings = 0;
			knownRegions = (
				en,
				Base,
			);
			mainGroup = 46E623571BA80F63000025CC;
			productRefGroup = 46E623611BA80F63000025CC /* Products */;
			projectDirPath = "";
			projectRoot = "";
			targets = (
				46E6235F1BA80F63000025CC /* RadarKeypad */,
			);
		};
/* End PBXProject section */

/* Begin PBXResourcesBuildPhase section */
		46E6235E1BA80F63000025CC /* Resources */ = {
			isa = PBXResourcesBuildPhase;
			buildActionMask = 2147483647;
			files = (
				46E6236F1BA80F63000025CC /* Main.storyboard in Resources */,
				46E623741BA80F63000025CC /* LaunchScreen.xib in Resources */,
				46E623711BA80F63000025CC /* Images.xcassets in Resources */,
			);
			runOnlyForDeploymentPostprocessing = 0;
		};
/* End PBXResourcesBuildPhase section */

/* Begin PBXSourcesBuildPhase section */
		46E6235C1BA80F63000025CC /* Sources */ = {
			isa = PBXSourcesBuildPhase;
			buildActionMask = 2147483647;
			files = (
				461360D91BA8E57A0099614F /* FirstViewController.m in Sources */,
				46E623691BA80F63000025CC /* AppDelegate.m in Sources */,
				461360DC1BA8E5F20099614F /* LastViewController.m in Sources */,
				46E623661BA80F63000025CC /* main.m in Sources */,
			);
			runOnlyForDeploymentPostprocessing = 0;
		};
/* End PBXSourcesBuildPhase section */

/* Begin PBXVariantGroup section */
		46E6236D1BA80F63000025CC /* Main.storyboard */ = {
			isa = PBXVariantGroup;
			children = (
				46E6236E1BA80F63000025CC /* Base */,
			);
			name = Main.storyboard;
			sourceTree = "<group>";
		};
		46E623721BA80F63000025CC /* LaunchScreen.xib */ = {
			isa = PBXVariantGroup;
			children = (
				46E623731BA80F63000025CC /* Base */,
			);
			name = LaunchScreen.xib;
			sourceTree = "<group>";
		};
/* End PBXVariantGroup section */

/* Begin XCBuildConfiguration section */
		46E623811BA80F64000025CC /* Debug */ = {
			isa = XCBuildConfiguration;
			buildSettings = {
				ALWAYS_SEARCH_USER_PATHS = NO;
				CLANG_CXX_LANGUAGE_STANDARD = "gnu++0x";
				CLANG_CXX_LIBRARY = "libc++";
				CLANG_ENABLE_MODULES = YES;
				CLANG_ENABLE_OBJC_ARC = YES;
				CLANG_WARN_BOOL_CONVERSION = YES;
				CLANG_WARN_CONSTANT_CONVERSION = YES;
				CLANG_WARN_DIRECT_OBJC_ISA_USAGE = YES_ERROR;
				CLANG_WARN_EMPTY_BODY = YES;
				CLANG_WARN_ENUM_CONVERSION = YES;
				CLANG_WARN_INT_CONVERSION = YES;
				CLANG_WARN_OBJC_ROOT_CLASS = YES_ERROR;
				CLANG_WARN_UNREACHABLE_CODE = YES;
				CLANG_WARN__DUPLICATE_METHOD_MATCH = YES;
				"CODE_SIGN_IDENTITY[sdk=iphoneos*]" = "iPhone Developer";
				COPY_PHASE_STRIP = NO;
				DEBUG_INFORMATION_FORMAT = "dwarf-with-dsym";
				ENABLE_STRICT_OBJC_MSGSEND = YES;
				GCC_C_LANGUAGE_STANDARD = gnu99;
				GCC_DYNAMIC_NO_PIC = NO;
				GCC_NO_COMMON_BLOCKS = YES;
				GCC_OPTIMIZATION_LEVEL = 0;
				GCC_PREPROCESSOR_DEFINITIONS = (
					"DEBUG=1",
					"$(inherited)",
				);
				GCC_SYMBOLS_PRIVATE_EXTERN = NO;
				GCC_WARN_64_TO_32_BIT_CONVERSION = YES;
				GCC_WARN_ABOUT_RETURN_TYPE = YES_ERROR;
				GCC_WARN_UNDECLARED_SELECTOR = YES;
				GCC_WARN_UNINITIALIZED_AUTOS = YES_AGGRESSIVE;
				GCC_WARN_UNUSED_FUNCTION = YES;
				GCC_WARN_UNUSED_VARIABLE = YES;
				IPHONEOS_DEPLOYMENT_TARGET = 8.4;
				MTL_ENABLE_DEBUG_INFO = YES;
				ONLY_ACTIVE_ARCH = YES;
				SDKROOT = iphoneos;
				TARGETED_DEVICE_FAMILY = "1,2";
			};
			name = Debug;
		};
		46E623821BA80F64000025CC /* Release */ = {
			isa = XCBuildConfiguration;
			buildSettings = {
				ALWAYS_SEARCH_USER_PATHS = NO;
				CLANG_CXX_LANGUAGE_STANDARD = "gnu++0x";
				CLANG_CXX_LIBRARY = "libc++";
				CLANG_ENABLE_MODULES = YES;
				CLANG_ENABLE_OBJC_ARC = YES;
				CLANG_WARN_BOOL_CONVERSION = YES;
				CLANG_WARN_CONSTANT_CONVERSION = YES;
				CLANG_WARN_DIRECT_OBJC_ISA_USAGE = YES_ERROR;
				CLANG_WARN_EMPTY_BODY = YES;
				CLANG_WARN_ENUM_CONVERSION = YES;
				CLANG_WARN_INT_CONVERSION = YES;
				CLANG_WARN_OBJC_ROOT_CLASS = YES_ERROR;
				CLANG_WARN_UNREACHABLE_CODE = YES;
				CLANG_WARN__DUPLICATE_METHOD_MATCH = YES;
				"CODE_SIGN_IDENTITY[sdk=iphoneos*]" = "iPhone Developer";
				COPY_PHASE_STRIP = NO;
				DEBUG_INFORMATION_FORMAT = "dwarf-with-dsym";
				ENABLE_NS_ASSERTIONS = NO;
				ENABLE_STRICT_OBJC_MSGSEND = YES;
				GCC_C_LANGUAGE_STANDARD = gnu99;
				GCC_NO_COMMON_BLOCKS = YES;
				GCC_WARN_64_TO_32_BIT_CONVERSION = YES;
				GCC_WARN_ABOUT_RETURN_TYPE = YES_ERROR;
				GCC_WARN_UNDECLARED_SELECTOR = YES;
				GCC_WARN_UNINITIALIZED_AUTOS = YES_AGGRESSIVE;
				GCC_WARN_UNUSED_FUNCTION = YES;
				GCC_WARN_UNUSED_VARIABLE = YES;
				IPHONEOS_DEPLOYMENT_TARGET = 8.4;
				MTL_ENABLE_DEBUG_INFO = NO;
				SDKROOT = iphoneos;
				TARGETED_DEVICE_FAMILY = "1,2";
				VALIDATE_PRODUCT = YES;
			};
			name = Release;
		};
		46E623841BA80F64000025CC /* Debug */ = {
			isa = XCBuildConfiguration;
			buildSettings = {
				ASSETCATALOG_COMPILER_APPICON_NAME = AppIcon;
				INFOPLIST_FILE = RadarKeypad/Info.plist;
				LD_RUNPATH_SEARCH_PATHS = "$(inherited) @executable_path/Frameworks";
				PRODUCT_NAME = "$(TARGET_NAME)";
			};
			name = Debug;
		};
		46E623851BA80F64000025CC /* Release */ = {
			isa = XCBuildConfiguration;
			buildSettings = {
				ASSETCATALOG_COMPILER_APPICON_NAME = AppIcon;
				INFOPLIST_FILE = RadarKeypad/Info.plist;
				LD_RUNPATH_SEARCH_PATHS = "$(inherited) @executable_path/Frameworks";
				PRODUCT_NAME = "$(TARGET_NAME)";
			};
			name = Release;
		};
/* End XCBuildConfiguration section */

/* Begin XCConfigurationList section */
		46E6235B1BA80F63000025CC /* Build configuration list for PBXProject "RadarKeypad" */ = {
			isa = XCConfigurationList;
			buildConfigurations = (
				46E623811BA80F64000025CC /* Debug */,
				46E623821BA80F64000025CC /* Release */,
			);
			defaultConfigurationIsVisible = 0;
			defaultConfigurationName = Release;
		};
		46E623831BA80F64000025CC /* Build configuration list for PBXNativeTarget "RadarKeypad" */ = {
			isa = XCConfigurationList;
			buildConfigurations = (
				46E623841BA80F64000025CC /* Debug */,
				46E623851BA80F64000025CC /* Release */,
			);
			defaultConfigurationIsVisible = 0;
			defaultConfigurationName = Release;
		};
/* End XCConfigurationList section */
	};
	rootObject = 46E623581BA80F63000025CC /* Project object */;
}
